{
  "name": "navigation-tutorial",
  "version": "1.0.0",
  "lockfileVersion": 2,
  "requires": true,
  "packages": {
    "": {
      "name": "navigation-tutorial",
      "version": "1.0.0",
      "dependencies": {
        "@openui5/sap.m": "^1",
        "@openui5/sap.ui.core": "^1",
        "@openui5/themelib_sap_fiori_3": "^1"
      }
    },
    "node_modules/@openui5/sap.m": {
      "version": "1.116.0",
      "resolved": "https://registry.npmjs.org/@openui5/sap.m/-/sap.m-1.116.0.tgz",
      "integrity": "sha512-F1+0kKt1X1MhnFPp9EDcBX0VVSCLI3rEHv9A69uNekUBlsMr9OobChR9NhFLbQCTWgkOPrcvx238K0ROyoQpoA==",
      "dependencies": {
        "@openui5/sap.ui.core": "1.116.0",
        "@openui5/sap.ui.layout": "1.116.0",
        "@openui5/sap.ui.unified": "1.116.0"
      }
    },
    "node_modules/@openui5/sap.ui.core": {
      "version": "1.116.0",
      "resolved": "https://registry.npmjs.org/@openui5/sap.ui.core/-/sap.ui.core-1.116.0.tgz",
      "integrity": "sha512-HwVuy0XIGIHM0emz6xh2HMLQnDbMSVatkEq9uPmbQoeV8PvThJcjyEMgAuLKgUpAim2qMNyOvsfn2zHeuOmOaw=="
    },
    "node_modules/@openui5/sap.ui.layout": {
      "version": "1.116.0",
      "resolved": "https://registry.npmjs.org/@openui5/sap.ui.layout/-/sap.ui.layout-1.116.0.tgz",
      "integrity": "sha512-YFIyvca9wymUYG6SaZeTpbqeky+V4tdOBbrNfOklGrkqoCJfQ3xWtcuo/ulqfuae4G7NFMAP84BfClJt610KKA==",
      "dependencies": {
        "@openui5/sap.ui.core": "1.116.0"
      }
    },
    "node_modules/@openui5/sap.ui.unified": {
      "version": "1.116.0",
      "resolved": "https://registry.npmjs.org/@openui5/sap.ui.unified/-/sap.ui.unified-1.116.0.tgz",
      "integrity": "sha512-VyH4bWZyA462iTq8x5qHPMQ/bylzyL8JBnSZgfwyFV7I89/obzzxfaBD5rYQjM/8oZna4oD1C2uo1AUadfHMmw==",
      "dependencies": {
        "@openui5/sap.ui.core": "1.116.0"
      }
    },
    "node_modules/@openui5/themelib_sap_fiori_3": {
      "version": "1.116.0",
      "resolved": "https://registry.npmjs.org/@openui5/themelib_sap_fiori_3/-/themelib_sap_fiori_3-1.116.0.tgz",
      "integrity": "sha512-wOCGIT+eTwjRdSfPYG/0Dz0bgRG4I6Zh7Q8HOLhu+VMphf1BsB5Qq758cPLBAwR1ctF1hI9t/0iMG8PTgMbwdQ=="
    }
  },
  "dependencies": {
    "@openui5/sap.m": {
      "version": "1.116.0",
      "resolved": "https://registry.npmjs.org/@openui5/sap.m/-/sap.m-1.116.0.tgz",
      "integrity": "sha512-F1+0kKt1X1MhnFPp9EDcBX0VVSCLI3rEHv9A69uNekUBlsMr9OobChR9NhFLbQCTWgkOPrcvx238K0ROyoQpoA==",
      "requires": {
        "@openui5/sap.ui.core": "1.116.0",
        "@openui5/sap.ui.layout": "1.116.0",
        "@openui5/sap.ui.unified": "1.116.0"
      }
    },
    "@openui5/sap.ui.core": {
      "version": "1.116.0",
      "resolved": "https://registry.npmjs.org/@openui5/sap.ui.core/-/sap.ui.core-1.116.0.tgz",
      "integrity": "sha512-HwVuy0XIGIHM0emz6xh2HMLQnDbMSVatkEq9uPmbQoeV8PvThJcjyEMgAuLKgUpAim2qMNyOvsfn2zHeuOmOaw=="
    },
    "@openui5/sap.ui.layout": {
      "version": "1.116.0",
      "resolved": "https://registry.npmjs.org/@openui5/sap.ui.layout/-/sap.ui.layout-1.116.0.tgz",
      "integrity": "sha512-YFIyvca9wymUYG6SaZeTpbqeky+V4tdOBbrNfOklGrkqoCJfQ3xWtcuo/ulqfuae4G7NFMAP84BfClJt610KKA==",
      "requires": {
        "@openui5/sap.ui.core": "1.116.0"
      }
    },
    "@openui5/sap.ui.unified": {
      "version": "1.116.0",
      "resolved": "https://registry.npmjs.org/@openui5/sap.ui.unified/-/sap.ui.unified-1.116.0.tgz",
      "integrity": "sha512-VyH4bWZyA462iTq8x5qHPMQ/bylzyL8JBnSZgfwyFV7I89/obzzxfaBD5rYQjM/8oZna4oD1C2uo1AUadfHMmw==",
      "requires": {
        "@openui5/sap.ui.core": "1.116.0"
      }
    },
    "@openui5/themelib_sap_fiori_3": {
      "version": "1.116.0",
      "resolved": "https://registry.npmjs.org/@openui5/themelib_sap_fiori_3/-/themelib_sap_fiori_3-1.116.0.tgz",
      "integrity": "sha512-wOCGIT+eTwjRdSfPYG/0Dz0bgRG4I6Zh7Q8HOLhu+VMphf1BsB5Qq758cPLBAwR1ctF1hI9t/0iMG8PTgMbwdQ=="
    }
  }
}
